// !$*UTF8*$!
{
	archiveVersion = 1;
	classes = {
	};
	objectVersion = 55;
	objects = {

/* Begin PBXBuildFile section */
		1D1A27329A5021A2269770F8 /* Pods_API.framework in Frameworks */ = {isa = PBXBuildFile; fileRef = BB76CE92F7F67F5F5438E5C5 /* Pods_API.framework */; };
		916C8787A99F1E352FCFD683 /* Pods_API_APIUITests.framework in Frameworks */ = {isa = PBXBuildFile; fileRef = 5FA715A8CF1C8B0468177D56 /* Pods_API_APIUITests.framework */; };
		F24EA9A74F7EA8593F833026 /* Pods_APITests.framework in Frameworks */ = {isa = PBXBuildFile; fileRef = C91608486D3906B2659C197E /* Pods_APITests.framework */; };
		FA0EEE7A27D9C8EC00FFC1E8 /* LockCollectionViewCell.swift in Sources */ = {isa = PBXBuildFile; fileRef = FA0EEE7927D9C8EC00FFC1E8 /* LockCollectionViewCell.swift */; };
		FA1B7C8A27D75626005F15DF /* Models.swift in Sources */ = {isa = PBXBuildFile; fileRef = FA1B7C8927D75626005F15DF /* Models.swift */; };
		FA1B7C8C27D78B85005F15DF /* GurbaniWebThick.ttf in Resources */ = {isa = PBXBuildFile; fileRef = FA1B7C8B27D78B85005F15DF /* GurbaniWebThick.ttf */; };
		FA56AF2027ABA6DE0017C438 /* ProductVc.swift in Sources */ = {isa = PBXBuildFile; fileRef = FA56AF1F27ABA6DE0017C438 /* ProductVc.swift */; };
		FA56AF2427ABAA8D0017C438 /* ProductTableViewCell.swift in Sources */ = {isa = PBXBuildFile; fileRef = FA56AF2327ABAA8D0017C438 /* ProductTableViewCell.swift */; };
		FA5A1F8F27EB42A1009582F5 /* aE5.json in Resources */ = {isa = PBXBuildFile; fileRef = FA5A1F8327EB42A1009582F5 /* aE5.json */; };
		FA5A1F9027EB42A1009582F5 /* a5.json in Resources */ = {isa = PBXBuildFile; fileRef = FA5A1F8427EB42A1009582F5 /* a5.json */; };
		FA5A1F9127EB42A1009582F5 /* a2.json in Resources */ = {isa = PBXBuildFile; fileRef = FA5A1F8527EB42A1009582F5 /* a2.json */; };
		FA5A1F9227EB42A1009582F5 /* a4.json in Resources */ = {isa = PBXBuildFile; fileRef = FA5A1F8627EB42A1009582F5 /* a4.json */; };
		FA5A1F9327EB42A1009582F5 /* aE2.json in Resources */ = {isa = PBXBuildFile; fileRef = FA5A1F8727EB42A1009582F5 /* aE2.json */; };
		FA5A1F9427EB42A1009582F5 /* aE6.json in Resources */ = {isa = PBXBuildFile; fileRef = FA5A1F8827EB42A1009582F5 /* aE6.json */; };
		FA5A1F9527EB42A1009582F5 /* aE4.json in Resources */ = {isa = PBXBuildFile; fileRef = FA5A1F8927EB42A1009582F5 /* aE4.json */; };
		FA5A1F9627EB42A1009582F5 /* aE3.json in Resources */ = {isa = PBXBuildFile; fileRef = FA5A1F8A27EB42A1009582F5 /* aE3.json */; };
		FA5A1F9727EB42A1009582F5 /* aE1.json in Resources */ = {isa = PBXBuildFile; fileRef = FA5A1F8B27EB42A1009582F5 /* aE1.json */; };
		FA5A1F9827EB42A1009582F5 /* a3.json in Resources */ = {isa = PBXBuildFile; fileRef = FA5A1F8C27EB42A1009582F5 /* a3.json */; };
		FA5A1F9927EB42A1009582F5 /* a1.json in Resources */ = {isa = PBXBuildFile; fileRef = FA5A1F8D27EB42A1009582F5 /* a1.json */; };
		FA5A1F9A27EB42A1009582F5 /* a6.json in Resources */ = {isa = PBXBuildFile; fileRef = FA5A1F8E27EB42A1009582F5 /* a6.json */; };
		FA6786DF27AD2A9F0008502B /* EditViewController.swift in Sources */ = {isa = PBXBuildFile; fileRef = FA6786DE27AD2A9F0008502B /* EditViewController.swift */; };
		FA68B15C27AA6F56004497E7 /* SignupVc.swift in Sources */ = {isa = PBXBuildFile; fileRef = FA68B15B27AA6F56004497E7 /* SignupVc.swift */; };
		FA68B15F27AA8F5C004497E7 /* ForgotViewController.swift in Sources */ = {isa = PBXBuildFile; fileRef = FA68B15E27AA8F5C004497E7 /* ForgotViewController.swift */; };
		FA68B16327AA95E6004497E7 /* OTPViewController.swift in Sources */ = {isa = PBXBuildFile; fileRef = FA68B16227AA95E6004497E7 /* OTPViewController.swift */; };
		FA68B16527AAAAF8004497E7 /* ProductViewController.swift in Sources */ = {isa = PBXBuildFile; fileRef = FA68B16427AAAAF8004497E7 /* ProductViewController.swift */; };
		FA7EC8AF27A8F995004EB7BD /* AppDelegate.swift in Sources */ = {isa = PBXBuildFile; fileRef = FA7EC8AE27A8F995004EB7BD /* AppDelegate.swift */; };
		FA7EC8B127A8F995004EB7BD /* SceneDelegate.swift in Sources */ = {isa = PBXBuildFile; fileRef = FA7EC8B027A8F995004EB7BD /* SceneDelegate.swift */; };
		FA7EC8B327A8F995004EB7BD /* ViewController.swift in Sources */ = {isa = PBXBuildFile; fileRef = FA7EC8B227A8F995004EB7BD /* ViewController.swift */; };
		FA7EC8B627A8F995004EB7BD /* Main.storyboard in Resources */ = {isa = PBXBuildFile; fileRef = FA7EC8B427A8F995004EB7BD /* Main.storyboard */; };
		FA7EC8B827A8F997004EB7BD /* Assets.xcassets in Resources */ = {isa = PBXBuildFile; fileRef = FA7EC8B727A8F997004EB7BD /* Assets.xcassets */; };
		FA7EC8BB27A8F997004EB7BD /* LaunchScreen.storyboard in Resources */ = {isa = PBXBuildFile; fileRef = FA7EC8B927A8F997004EB7BD /* LaunchScreen.storyboard */; };
		FA7EC8C627A8F997004EB7BD /* APITests.swift in Sources */ = {isa = PBXBuildFile; fileRef = FA7EC8C527A8F997004EB7BD /* APITests.swift */; };
		FA7EC8D027A8F997004EB7BD /* APIUITests.swift in Sources */ = {isa = PBXBuildFile; fileRef = FA7EC8CF27A8F997004EB7BD /* APIUITests.swift */; };
		FA7EC8D227A8F997004EB7BD /* APIUITestsLaunchTests.swift in Sources */ = {isa = PBXBuildFile; fileRef = FA7EC8D127A8F997004EB7BD /* APIUITestsLaunchTests.swift */; };
		FA8CF4F227AE5D7400AF29C5 /* LockViewController.swift in Sources */ = {isa = PBXBuildFile; fileRef = FA8CF4F127AE5D7400AF29C5 /* LockViewController.swift */; };
		FAD8991127D9EDEC002A4D3E /* DemoCollectionViewCell.swift in Sources */ = {isa = PBXBuildFile; fileRef = FAD8991027D9EDEC002A4D3E /* DemoCollectionViewCell.swift */; };
		FAE35DBE27E3093500EE68C6 /* DemoViewController.swift in Sources */ = {isa = PBXBuildFile; fileRef = FA10356D27CF49B800214D7D /* DemoViewController.swift */; };
		FAF17CEF27B23B7B00B1CDCE /* PasswordValidation.swift in Sources */ = {isa = PBXBuildFile; fileRef = FAF17CEE27B23B7B00B1CDCE /* PasswordValidation.swift */; };
		FAF17CF427B23D6300B1CDCE /* WelcomeViewController.swift in Sources */ = {isa = PBXBuildFile; fileRef = FAF17CF327B23D6300B1CDCE /* WelcomeViewController.swift */; };
/* End PBXBuildFile section */

/* Begin PBXContainerItemProxy section */
		FA7EC8C227A8F997004EB7BD /* PBXContainerItemProxy */ = {
			isa = PBXContainerItemProxy;
			containerPortal = FA7EC8A327A8F995004EB7BD /* Project object */;
			proxyType = 1;
			remoteGlobalIDString = FA7EC8AA27A8F995004EB7BD;
			remoteInfo = API;
		};
		FA7EC8CC27A8F997004EB7BD /* PBXContainerItemProxy */ = {
			isa = PBXContainerItemProxy;
			containerPortal = FA7EC8A327A8F995004EB7BD /* Project object */;
			proxyType = 1;
			remoteGlobalIDString = FA7EC8AA27A8F995004EB7BD;
			remoteInfo = API;
		};
/* End PBXContainerItemProxy section */

/* Begin PBXFileReference section */
		3A8899C0C178869E7DE85BB9 /* Pods-APITests.debug.xcconfig */ = {isa = PBXFileReference; includeInIndex = 1; lastKnownFileType = text.xcconfig; name = "Pods-APITests.debug.xcconfig"; path = "Target Support Files/Pods-APITests/Pods-APITests.debug.xcconfig"; sourceTree = "<group>"; };
		5FA715A8CF1C8B0468177D56 /* Pods_API_APIUITests.framework */ = {isa = PBXFileReference; explicitFileType = wrapper.framework; includeInIndex = 0; path = Pods_API_APIUITests.framework; sourceTree = BUILT_PRODUCTS_DIR; };
		9185846425EB5A22DABAB588 /* Pods-API.debug.xcconfig */ = {isa = PBXFileReference; includeInIndex = 1; lastKnownFileType = text.xcconfig; name = "Pods-API.debug.xcconfig"; path = "Target Support Files/Pods-API/Pods-API.debug.xcconfig"; sourceTree = "<group>"; };
		9D82684B7F2AE4B2C6C29113 /* Pods-API-APIUITests.debug.xcconfig */ = {isa = PBXFileReference; includeInIndex = 1; lastKnownFileType = text.xcconfig; name = "Pods-API-APIUITests.debug.xcconfig"; path = "Target Support Files/Pods-API-APIUITests/Pods-API-APIUITests.debug.xcconfig"; sourceTree = "<group>"; };
		A1900FB5F77F55CED604E8D1 /* Pods-API.release.xcconfig */ = {isa = PBXFileReference; includeInIndex = 1; lastKnownFileType = text.xcconfig; name = "Pods-API.release.xcconfig"; path = "Target Support Files/Pods-API/Pods-API.release.xcconfig"; sourceTree = "<group>"; };
		AF4CF4AB3E6891BC6BC640A2 /* Pods-APITests.release.xcconfig */ = {isa = PBXFileReference; includeInIndex = 1; lastKnownFileType = text.xcconfig; name = "Pods-APITests.release.xcconfig"; path = "Target Support Files/Pods-APITests/Pods-APITests.release.xcconfig"; sourceTree = "<group>"; };
		B1589EA00B033D9B6D2F45A3 /* Pods-API-APIUITests.release.xcconfig */ = {isa = PBXFileReference; includeInIndex = 1; lastKnownFileType = text.xcconfig; name = "Pods-API-APIUITests.release.xcconfig"; path = "Target Support Files/Pods-API-APIUITests/Pods-API-APIUITests.release.xcconfig"; sourceTree = "<group>"; };
		BB76CE92F7F67F5F5438E5C5 /* Pods_API.framework */ = {isa = PBXFileReference; explicitFileType = wrapper.framework; includeInIndex = 0; path = Pods_API.framework; sourceTree = BUILT_PRODUCTS_DIR; };
		C91608486D3906B2659C197E /* Pods_APITests.framework */ = {isa = PBXFileReference; explicitFileType = wrapper.framework; includeInIndex = 0; path = Pods_APITests.framework; sourceTree = BUILT_PRODUCTS_DIR; };
		FA0EEE7927D9C8EC00FFC1E8 /* LockCollectionViewCell.swift */ = {isa = PBXFileReference; lastKnownFileType = sourcecode.swift; path = LockCollectionViewCell.swift; sourceTree = "<group>"; };
		FA10356D27CF49B800214D7D /* DemoViewController.swift */ = {isa = PBXFileReference; lastKnownFileType = sourcecode.swift; lineEnding = 0; path = DemoViewController.swift; sourceTree = "<group>"; };
		FA1B7C8927D75626005F15DF /* Models.swift */ = {isa = PBXFileReference; lastKnownFileType = sourcecode.swift; path = Models.swift; sourceTree = "<group>"; };
		FA1B7C8B27D78B85005F15DF /* GurbaniWebThick.ttf */ = {isa = PBXFileReference; lastKnownFileType = file; path = GurbaniWebThick.ttf; sourceTree = "<group>"; };
		FA56AF1F27ABA6DE0017C438 /* ProductVc.swift */ = {isa = PBXFileReference; lastKnownFileType = sourcecode.swift; path = ProductVc.swift; sourceTree = "<group>"; };
		FA56AF2327ABAA8D0017C438 /* ProductTableViewCell.swift */ = {isa = PBXFileReference; lastKnownFileType = sourcecode.swift; path = ProductTableViewCell.swift; sourceTree = "<group>"; };
		FA5A1F8327EB42A1009582F5 /* aE5.json */ = {isa = PBXFileReference; fileEncoding = 4; lastKnownFileType = text.json; path = aE5.json; sourceTree = "<group>"; };
		FA5A1F8427EB42A1009582F5 /* a5.json */ = {isa = PBXFileReference; fileEncoding = 4; lastKnownFileType = text.json; path = a5.json; sourceTree = "<group>"; };
		FA5A1F8527EB42A1009582F5 /* a2.json */ = {isa = PBXFileReference; fileEncoding = 4; lastKnownFileType = text.json; path = a2.json; sourceTree = "<group>"; };
		FA5A1F8627EB42A1009582F5 /* a4.json */ = {isa = PBXFileReference; fileEncoding = 4; lastKnownFileType = text.json; path = a4.json; sourceTree = "<group>"; };
		FA5A1F8727EB42A1009582F5 /* aE2.json */ = {isa = PBXFileReference; fileEncoding = 4; lastKnownFileType = text.json; path = aE2.json; sourceTree = "<group>"; };
		FA5A1F8827EB42A1009582F5 /* aE6.json */ = {isa = PBXFileReference; fileEncoding = 4; lastKnownFileType = text.json; path = aE6.json; sourceTree = "<group>"; };
		FA5A1F8927EB42A1009582F5 /* aE4.json */ = {isa = PBXFileReference; fileEncoding = 4; lastKnownFileType = text.json; path = aE4.json; sourceTree = "<group>"; };
		FA5A1F8A27EB42A1009582F5 /* aE3.json */ = {isa = PBXFileReference; fileEncoding = 4; lastKnownFileType = text.json; path = aE3.json; sourceTree = "<group>"; };
		FA5A1F8B27EB42A1009582F5 /* aE1.json */ = {isa = PBXFileReference; fileEncoding = 4; lastKnownFileType = text.json; path = aE1.json; sourceTree = "<group>"; };
		FA5A1F8C27EB42A1009582F5 /* a3.json */ = {isa = PBXFileReference; fileEncoding = 4; lastKnownFileType = text.json; path = a3.json; sourceTree = "<group>"; };
		FA5A1F8D27EB42A1009582F5 /* a1.json */ = {isa = PBXFileReference; fileEncoding = 4; lastKnownFileType = text.json; path = a1.json; sourceTree = "<group>"; };
		FA5A1F8E27EB42A1009582F5 /* a6.json */ = {isa = PBXFileReference; fileEncoding = 4; lastKnownFileType = text.json; path = a6.json; sourceTree = "<group>"; };
		FA6786DE27AD2A9F0008502B /* EditViewController.swift */ = {isa = PBXFileReference; lastKnownFileType = sourcecode.swift; path = EditViewController.swift; sourceTree = "<group>"; };
		FA68B15B27AA6F56004497E7 /* SignupVc.swift */ = {isa = PBXFileReference; lastKnownFileType = sourcecode.swift; path = SignupVc.swift; sourceTree = "<group>"; };
		FA68B15E27AA8F5C004497E7 /* ForgotViewController.swift */ = {isa = PBXFileReference; lastKnownFileType = sourcecode.swift; path = ForgotViewController.swift; sourceTree = "<group>"; };
		FA68B16227AA95E6004497E7 /* OTPViewController.swift */ = {isa = PBXFileReference; lastKnownFileType = sourcecode.swift; path = OTPViewController.swift; sourceTree = "<group>"; };
		FA68B16427AAAAF8004497E7 /* ProductViewController.swift */ = {isa = PBXFileReference; lastKnownFileType = sourcecode.swift; path = ProductViewController.swift; sourceTree = "<group>"; };
		FA7EC8AB27A8F995004EB7BD /* API.app */ = {isa = PBXFileReference; explicitFileType = wrapper.application; includeInIndex = 0; path = API.app; sourceTree = BUILT_PRODUCTS_DIR; };
		FA7EC8AE27A8F995004EB7BD /* AppDelegate.swift */ = {isa = PBXFileReference; lastKnownFileType = sourcecode.swift; path = AppDelegate.swift; sourceTree = "<group>"; };
		FA7EC8B027A8F995004EB7BD /* SceneDelegate.swift */ = {isa = PBXFileReference; lastKnownFileType = sourcecode.swift; path = SceneDelegate.swift; sourceTree = "<group>"; };
		FA7EC8B227A8F995004EB7BD /* ViewController.swift */ = {isa = PBXFileReference; lastKnownFileType = sourcecode.swift; path = ViewController.swift; sourceTree = "<group>"; };
		FA7EC8B527A8F995004EB7BD /* Base */ = {isa = PBXFileReference; lastKnownFileType = file.storyboard; name = Base; path = Base.lproj/Main.storyboard; sourceTree = "<group>"; };
		FA7EC8B727A8F997004EB7BD /* Assets.xcassets */ = {isa = PBXFileReference; lastKnownFileType = folder.assetcatalog; path = Assets.xcassets; sourceTree = "<group>"; };
		FA7EC8BA27A8F997004EB7BD /* Base */ = {isa = PBXFileReference; lastKnownFileType = file.storyboard; name = Base; path = Base.lproj/LaunchScreen.storyboard; sourceTree = "<group>"; };
		FA7EC8BC27A8F997004EB7BD /* Info.plist */ = {isa = PBXFileReference; lastKnownFileType = text.plist.xml; path = Info.plist; sourceTree = "<group>"; };
		FA7EC8C127A8F997004EB7BD /* APITests.xctest */ = {isa = PBXFileReference; explicitFileType = wrapper.cfbundle; includeInIndex = 0; path = APITests.xctest; sourceTree = BUILT_PRODUCTS_DIR; };
		FA7EC8C527A8F997004EB7BD /* APITests.swift */ = {isa = PBXFileReference; lastKnownFileType = sourcecode.swift; path = APITests.swift; sourceTree = "<group>"; };
		FA7EC8CB27A8F997004EB7BD /* APIUITests.xctest */ = {isa = PBXFileReference; explicitFileType = wrapper.cfbundle; includeInIndex = 0; path = APIUITests.xctest; sourceTree = BUILT_PRODUCTS_DIR; };
		FA7EC8CF27A8F997004EB7BD /* APIUITests.swift */ = {isa = PBXFileReference; lastKnownFileType = sourcecode.swift; path = APIUITests.swift; sourceTree = "<group>"; };
		FA7EC8D127A8F997004EB7BD /* APIUITestsLaunchTests.swift */ = {isa = PBXFileReference; lastKnownFileType = sourcecode.swift; path = APIUITestsLaunchTests.swift; sourceTree = "<group>"; };
		FA8CF4F127AE5D7400AF29C5 /* LockViewController.swift */ = {isa = PBXFileReference; lastKnownFileType = sourcecode.swift; path = LockViewController.swift; sourceTree = "<group>"; };
		FAD8991027D9EDEC002A4D3E /* DemoCollectionViewCell.swift */ = {isa = PBXFileReference; lastKnownFileType = sourcecode.swift; path = DemoCollectionViewCell.swift; sourceTree = "<group>"; };
		FAF17CEE27B23B7B00B1CDCE /* PasswordValidation.swift */ = {isa = PBXFileReference; lastKnownFileType = sourcecode.swift; path = PasswordValidation.swift; sourceTree = "<group>"; };
		FAF17CF327B23D6300B1CDCE /* WelcomeViewController.swift */ = {isa = PBXFileReference; lastKnownFileType = sourcecode.swift; path = WelcomeViewController.swift; sourceTree = "<group>"; };
/* End PBXFileReference section */

/* Begin PBXFrameworksBuildPhase section */
		FA7EC8A827A8F995004EB7BD /* Frameworks */ = {
			isa = PBXFrameworksBuildPhase;
			buildActionMask = 2147483647;
			files = (
				1D1A27329A5021A2269770F8 /* Pods_API.framework in Frameworks */,
			);
			runOnlyForDeploymentPostprocessing = 0;
		};
		FA7EC8BE27A8F997004EB7BD /* Frameworks */ = {
			isa = PBXFrameworksBuildPhase;
			buildActionMask = 2147483647;
			files = (
				F24EA9A74F7EA8593F833026 /* Pods_APITests.framework in Frameworks */,
			);
			runOnlyForDeploymentPostprocessing = 0;
		};
		FA7EC8C827A8F997004EB7BD /* Frameworks */ = {
			isa = PBXFrameworksBuildPhase;
			buildActionMask = 2147483647;
			files = (
				916C8787A99F1E352FCFD683 /* Pods_API_APIUITests.framework in Frameworks */,
			);
			runOnlyForDeploymentPostprocessing = 0;
		};
/* End PBXFrameworksBuildPhase section */

/* Begin PBXGroup section */
		9264490BCF84DD45753FB734 /* Pods */ = {
			isa = PBXGroup;
			children = (
				9185846425EB5A22DABAB588 /* Pods-API.debug.xcconfig */,
				A1900FB5F77F55CED604E8D1 /* Pods-API.release.xcconfig */,
				9D82684B7F2AE4B2C6C29113 /* Pods-API-APIUITests.debug.xcconfig */,
				B1589EA00B033D9B6D2F45A3 /* Pods-API-APIUITests.release.xcconfig */,
				3A8899C0C178869E7DE85BB9 /* Pods-APITests.debug.xcconfig */,
				AF4CF4AB3E6891BC6BC640A2 /* Pods-APITests.release.xcconfig */,
			);
			path = Pods;
			sourceTree = "<group>";
		};
		AB16A2B1DFD4250CB28DB43C /* Frameworks */ = {
			isa = PBXGroup;
			children = (
				BB76CE92F7F67F5F5438E5C5 /* Pods_API.framework */,
				5FA715A8CF1C8B0468177D56 /* Pods_API_APIUITests.framework */,
				C91608486D3906B2659C197E /* Pods_APITests.framework */,
			);
			name = Frameworks;
			sourceTree = "<group>";
		};
		FA10356C27CF493A00214D7D /* Demo */ = {
			isa = PBXGroup;
			children = (
				FA2065FE27D6257D00F1427E /* View */,
				FAD8991227DA2882002A4D3E /* Cell */,
			);
			path = Demo;
			sourceTree = "<group>";
		};
		FA1B7C8D27D78B96005F15DF /* New Group */ = {
			isa = PBXGroup;
			children = (
				FA1B7C8B27D78B85005F15DF /* GurbaniWebThick.ttf */,
			);
			path = "New Group";
			sourceTree = "<group>";
		};
		FA2065FE27D6257D00F1427E /* View */ = {
			isa = PBXGroup;
			children = (
				FA10356D27CF49B800214D7D /* DemoViewController.swift */,
				FA1B7C8927D75626005F15DF /* Models.swift */,
			);
			path = View;
			sourceTree = "<group>";
		};
		FA20660127D628AB00F1427E /* Sri Dasam Granth */ = {
			isa = PBXGroup;
			children = (
				FA5A1F8D27EB42A1009582F5 /* a1.json */,
				FA5A1F8527EB42A1009582F5 /* a2.json */,
				FA5A1F8C27EB42A1009582F5 /* a3.json */,
				FA5A1F8627EB42A1009582F5 /* a4.json */,
				FA5A1F8427EB42A1009582F5 /* a5.json */,
				FA5A1F8E27EB42A1009582F5 /* a6.json */,
				FA5A1F8B27EB42A1009582F5 /* aE1.json */,
				FA5A1F8727EB42A1009582F5 /* aE2.json */,
				FA5A1F8A27EB42A1009582F5 /* aE3.json */,
				FA5A1F8927EB42A1009582F5 /* aE4.json */,
				FA5A1F8327EB42A1009582F5 /* aE5.json */,
				FA5A1F8827EB42A1009582F5 /* aE6.json */,
			);
			path = "Sri Dasam Granth";
			sourceTree = "<group>";
		};
		FA2A0A6427D23A1B0013A8A7 /* Helpers */ = {
			isa = PBXGroup;
			children = (
			);
			path = Helpers;
			sourceTree = "<group>";
		};
		FA5753F127E305FC001718C3 /* Cell */ = {
			isa = PBXGroup;
			children = (
				FA0EEE7927D9C8EC00FFC1E8 /* LockCollectionViewCell.swift */,
			);
			name = Cell;
			path = Demo/Cell;
			sourceTree = "<group>";
		};
		FA68B15D27AA7408004497E7 /* APIView */ = {
			isa = PBXGroup;
			children = (
				FAF17CF227B23CA100B1CDCE /* View */,
				FAF17CF127B23C8A00B1CDCE /* Cell */,
			);
			path = APIView;
			sourceTree = "<group>";
		};
		FA7EC8A227A8F995004EB7BD = {
			isa = PBXGroup;
			children = (
				FA1B7C8D27D78B96005F15DF /* New Group */,
				FA20660127D628AB00F1427E /* Sri Dasam Granth */,
				FA7EC8AD27A8F995004EB7BD /* API */,
				FA2A0A6427D23A1B0013A8A7 /* Helpers */,
				FA7EC8C427A8F997004EB7BD /* APITests */,
				FA7EC8CE27A8F997004EB7BD /* APIUITests */,
				FA7EC8AC27A8F995004EB7BD /* Products */,
				9264490BCF84DD45753FB734 /* Pods */,
				AB16A2B1DFD4250CB28DB43C /* Frameworks */,
			);
			sourceTree = "<group>";
		};
		FA7EC8AC27A8F995004EB7BD /* Products */ = {
			isa = PBXGroup;
			children = (
				FA7EC8AB27A8F995004EB7BD /* API.app */,
				FA7EC8C127A8F997004EB7BD /* APITests.xctest */,
				FA7EC8CB27A8F997004EB7BD /* APIUITests.xctest */,
			);
			name = Products;
			sourceTree = "<group>";
		};
		FA7EC8AD27A8F995004EB7BD /* API */ = {
			isa = PBXGroup;
			children = (
				FA7EC8AE27A8F995004EB7BD /* AppDelegate.swift */,
				FA7EC8B027A8F995004EB7BD /* SceneDelegate.swift */,
				FAC6A14127E84D3500EBF63E /* Json */,
				FA8CF4F327AE5DA300AF29C5 /* LockView */,
				FA10356C27CF493A00214D7D /* Demo */,
				FA5753F127E305FC001718C3 /* Cell */,
				FA68B15D27AA7408004497E7 /* APIView */,
				FA7EC8B427A8F995004EB7BD /* Main.storyboard */,
				FA7EC8B727A8F997004EB7BD /* Assets.xcassets */,
				FA7EC8B927A8F997004EB7BD /* LaunchScreen.storyboard */,
				FA7EC8BC27A8F997004EB7BD /* Info.plist */,
			);
			path = API;
			sourceTree = "<group>";
		};
		FA7EC8C427A8F997004EB7BD /* APITests */ = {
			isa = PBXGroup;
			children = (
				FA7EC8C527A8F997004EB7BD /* APITests.swift */,
			);
			path = APITests;
			sourceTree = "<group>";
		};
		FA7EC8CE27A8F997004EB7BD /* APIUITests */ = {
			isa = PBXGroup;
			children = (
				FA7EC8CF27A8F997004EB7BD /* APIUITests.swift */,
				FA7EC8D127A8F997004EB7BD /* APIUITestsLaunchTests.swift */,
			);
			path = APIUITests;
			sourceTree = "<group>";
		};
		FA8CF4F327AE5DA300AF29C5 /* LockView */ = {
			isa = PBXGroup;
			children = (
				FA8CF4F127AE5D7400AF29C5 /* LockViewController.swift */,
				FAF17CEE27B23B7B00B1CDCE /* PasswordValidation.swift */,
				FAF17CF327B23D6300B1CDCE /* WelcomeViewController.swift */,
			);
			path = LockView;
			sourceTree = "<group>";
		};
		FAC6A14127E84D3500EBF63E /* Json */ = {
			isa = PBXGroup;
			children = (
			);
			path = Json;
			sourceTree = "<group>";
		};
		FAD8991227DA2882002A4D3E /* Cell */ = {
			isa = PBXGroup;
			children = (
				FAD8991027D9EDEC002A4D3E /* DemoCollectionViewCell.swift */,
			);
			name = Cell;
			path = ../Cell;
			sourceTree = "<group>";
		};
		FAF17CF127B23C8A00B1CDCE /* Cell */ = {
			isa = PBXGroup;
			children = (
				FA56AF2327ABAA8D0017C438 /* ProductTableViewCell.swift */,
			);
			path = Cell;
			sourceTree = "<group>";
		};
		FAF17CF227B23CA100B1CDCE /* View */ = {
			isa = PBXGroup;
			children = (
				FA7EC8B227A8F995004EB7BD /* ViewController.swift */,
				FA68B15B27AA6F56004497E7 /* SignupVc.swift */,
				FA68B15E27AA8F5C004497E7 /* ForgotViewController.swift */,
				FA68B16227AA95E6004497E7 /* OTPViewController.swift */,
				FA56AF1F27ABA6DE0017C438 /* ProductVc.swift */,
				FA68B16427AAAAF8004497E7 /* ProductViewController.swift */,
				FA6786DE27AD2A9F0008502B /* EditViewController.swift */,
			);
			path = View;
			sourceTree = "<group>";
		};
/* End PBXGroup section */

/* Begin PBXNativeTarget section */
		FA7EC8AA27A8F995004EB7BD /* API */ = {
			isa = PBXNativeTarget;
			buildConfigurationList = FA7EC8D527A8F997004EB7BD /* Build configuration list for PBXNativeTarget "API" */;
			buildPhases = (
				B0ACF4C0943BE0317BF8491E /* [CP] Check Pods Manifest.lock */,
				FA7EC8A727A8F995004EB7BD /* Sources */,
				FA7EC8A827A8F995004EB7BD /* Frameworks */,
				FA7EC8A927A8F995004EB7BD /* Resources */,
				C0115818EE85180C9E47FAB0 /* [CP] Embed Pods Frameworks */,
			);
			buildRules = (
			);
			dependencies = (
			);
			name = API;
			productName = API;
			productReference = FA7EC8AB27A8F995004EB7BD /* API.app */;
			productType = "com.apple.product-type.application";
		};
		FA7EC8C027A8F997004EB7BD /* APITests */ = {
			isa = PBXNativeTarget;
			buildConfigurationList = FA7EC8D827A8F997004EB7BD /* Build configuration list for PBXNativeTarget "APITests" */;
			buildPhases = (
				36949EF77A283840780523B7 /* [CP] Check Pods Manifest.lock */,
				FA7EC8BD27A8F997004EB7BD /* Sources */,
				FA7EC8BE27A8F997004EB7BD /* Frameworks */,
				FA7EC8BF27A8F997004EB7BD /* Resources */,
			);
			buildRules = (
			);
			dependencies = (
				FA7EC8C327A8F997004EB7BD /* PBXTargetDependency */,
			);
			name = APITests;
			productName = APITests;
			productReference = FA7EC8C127A8F997004EB7BD /* APITests.xctest */;
			productType = "com.apple.product-type.bundle.unit-test";
		};
		FA7EC8CA27A8F997004EB7BD /* APIUITests */ = {
			isa = PBXNativeTarget;
			buildConfigurationList = FA7EC8DB27A8F997004EB7BD /* Build configuration list for PBXNativeTarget "APIUITests" */;
			buildPhases = (
				0CF0677FCC001050B0097D6F /* [CP] Check Pods Manifest.lock */,
				FA7EC8C727A8F997004EB7BD /* Sources */,
				FA7EC8C827A8F997004EB7BD /* Frameworks */,
				FA7EC8C927A8F997004EB7BD /* Resources */,
				43BF0C82DF7693D53D2F91C8 /* [CP] Embed Pods Frameworks */,
			);
			buildRules = (
			);
			dependencies = (
				FA7EC8CD27A8F997004EB7BD /* PBXTargetDependency */,
			);
			name = APIUITests;
			productName = APIUITests;
			productReference = FA7EC8CB27A8F997004EB7BD /* APIUITests.xctest */;
			productType = "com.apple.product-type.bundle.ui-testing";
		};
/* End PBXNativeTarget section */

/* Begin PBXProject section */
		FA7EC8A327A8F995004EB7BD /* Project object */ = {
			isa = PBXProject;
			attributes = {
				BuildIndependentTargetsInParallel = 1;
				LastSwiftUpdateCheck = 1300;
				LastUpgradeCheck = 1300;
				TargetAttributes = {
					FA7EC8AA27A8F995004EB7BD = {
						CreatedOnToolsVersion = 13.0;
					};
					FA7EC8C027A8F997004EB7BD = {
						CreatedOnToolsVersion = 13.0;
						TestTargetID = FA7EC8AA27A8F995004EB7BD;
					};
					FA7EC8CA27A8F997004EB7BD = {
						CreatedOnToolsVersion = 13.0;
						TestTargetID = FA7EC8AA27A8F995004EB7BD;
					};
				};
			};
			buildConfigurationList = FA7EC8A627A8F995004EB7BD /* Build configuration list for PBXProject "API" */;
			compatibilityVersion = "Xcode 13.0";
			developmentRegion = en;
			hasScannedForEncodings = 0;
			knownRegions = (
				en,
				Base,
			);
			mainGroup = FA7EC8A227A8F995004EB7BD;
			productRefGroup = FA7EC8AC27A8F995004EB7BD /* Products */;
			projectDirPath = "";
			projectRoot = "";
			targets = (
				FA7EC8AA27A8F995004EB7BD /* API */,
				FA7EC8C027A8F997004EB7BD /* APITests */,
				FA7EC8CA27A8F997004EB7BD /* APIUITests */,
			);
		};
/* End PBXProject section */

/* Begin PBXResourcesBuildPhase section */
		FA7EC8A927A8F995004EB7BD /* Resources */ = {
			isa = PBXResourcesBuildPhase;
			buildActionMask = 2147483647;
			files = (
				FA5A1F9127EB42A1009582F5 /* a2.json in Resources */,
				FA7EC8BB27A8F997004EB7BD /* LaunchScreen.storyboard in Resources */,
				FA5A1F9527EB42A1009582F5 /* aE4.json in Resources */,
				FA5A1F9927EB42A1009582F5 /* a1.json in Resources */,
				FA5A1F9327EB42A1009582F5 /* aE2.json in Resources */,
				FA1B7C8C27D78B85005F15DF /* GurbaniWebThick.ttf in Resources */,
				FA5A1F9A27EB42A1009582F5 /* a6.json in Resources */,
				FA5A1F9627EB42A1009582F5 /* aE3.json in Resources */,
				FA7EC8B827A8F997004EB7BD /* Assets.xcassets in Resources */,
				FA5A1F9227EB42A1009582F5 /* a4.json in Resources */,
				FA5A1F9027EB42A1009582F5 /* a5.json in Resources */,
				FA5A1F9827EB42A1009582F5 /* a3.json in Resources */,
				FA5A1F8F27EB42A1009582F5 /* aE5.json in Resources */,
				FA5A1F9427EB42A1009582F5 /* aE6.json in Resources */,
				FA5A1F9727EB42A1009582F5 /* aE1.json in Resources */,
				FA7EC8B627A8F995004EB7BD /* Main.storyboard in Resources */,
			);
			runOnlyForDeploymentPostprocessing = 0;
		};
		FA7EC8BF27A8F997004EB7BD /* Resources */ = {
			isa = PBXResourcesBuildPhase;
			buildActionMask = 2147483647;
			files = (
			);
			runOnlyForDeploymentPostprocessing = 0;
		};
		FA7EC8C927A8F997004EB7BD /* Resources */ = {
			isa = PBXResourcesBuildPhase;
			buildActionMask = 2147483647;
			files = (
			);
			runOnlyForDeploymentPostprocessing = 0;
		};
/* End PBXResourcesBuildPhase section */

/* Begin PBXShellScriptBuildPhase section */
		0CF0677FCC001050B0097D6F /* [CP] Check Pods Manifest.lock */ = {
			isa = PBXShellScriptBuildPhase;
			buildActionMask = 2147483647;
			files = (
			);
			inputFileListPaths = (
			);
			inputPaths = (
				"${PODS_PODFILE_DIR_PATH}/Podfile.lock",
				"${PODS_ROOT}/Manifest.lock",
			);
			name = "[CP] Check Pods Manifest.lock";
			outputFileListPaths = (
			);
			outputPaths = (
				"$(DERIVED_FILE_DIR)/Pods-API-APIUITests-checkManifestLockResult.txt",
			);
			runOnlyForDeploymentPostprocessing = 0;
			shellPath = /bin/sh;
			shellScript = "diff \"${PODS_PODFILE_DIR_PATH}/Podfile.lock\" \"${PODS_ROOT}/Manifest.lock\" > /dev/null\nif [ $? != 0 ] ; then\n    # print error to STDERR\n    echo \"error: The sandbox is not in sync with the Podfile.lock. Run 'pod install' or update your CocoaPods installation.\" >&2\n    exit 1\nfi\n# This output is used by Xcode 'outputs' to avoid re-running this script phase.\necho \"SUCCESS\" > \"${SCRIPT_OUTPUT_FILE_0}\"\n";
			showEnvVarsInLog = 0;
		};
		36949EF77A283840780523B7 /* [CP] Check Pods Manifest.lock */ = {
			isa = PBXShellScriptBuildPhase;
			buildActionMask = 2147483647;
			files = (
			);
			inputFileListPaths = (
			);
			inputPaths = (
				"${PODS_PODFILE_DIR_PATH}/Podfile.lock",
				"${PODS_ROOT}/Manifest.lock",
			);
			name = "[CP] Check Pods Manifest.lock";
			outputFileListPaths = (
			);
			outputPaths = (
				"$(DERIVED_FILE_DIR)/Pods-APITests-checkManifestLockResult.txt",
			);
			runOnlyForDeploymentPostprocessing = 0;
			shellPath = /bin/sh;
			shellScript = "diff \"${PODS_PODFILE_DIR_PATH}/Podfile.lock\" \"${PODS_ROOT}/Manifest.lock\" > /dev/null\nif [ $? != 0 ] ; then\n    # print error to STDERR\n    echo \"error: The sandbox is not in sync with the Podfile.lock. Run 'pod install' or update your CocoaPods installation.\" >&2\n    exit 1\nfi\n# This output is used by Xcode 'outputs' to avoid re-running this script phase.\necho \"SUCCESS\" > \"${SCRIPT_OUTPUT_FILE_0}\"\n";
			showEnvVarsInLog = 0;
		};
		43BF0C82DF7693D53D2F91C8 /* [CP] Embed Pods Frameworks */ = {
			isa = PBXShellScriptBuildPhase;
			buildActionMask = 2147483647;
			files = (
			);
			inputFileListPaths = (
				"${PODS_ROOT}/Target Support Files/Pods-API-APIUITests/Pods-API-APIUITests-frameworks-${CONFIGURATION}-input-files.xcfilelist",
			);
			name = "[CP] Embed Pods Frameworks";
			outputFileListPaths = (
				"${PODS_ROOT}/Target Support Files/Pods-API-APIUITests/Pods-API-APIUITests-frameworks-${CONFIGURATION}-output-files.xcfilelist",
			);
			runOnlyForDeploymentPostprocessing = 0;
			shellPath = /bin/sh;
			shellScript = "\"${PODS_ROOT}/Target Support Files/Pods-API-APIUITests/Pods-API-APIUITests-frameworks.sh\"\n";
			showEnvVarsInLog = 0;
		};
		B0ACF4C0943BE0317BF8491E /* [CP] Check Pods Manifest.lock */ = {
			isa = PBXShellScriptBuildPhase;
			buildActionMask = 2147483647;
			files = (
			);
			inputFileListPaths = (
			);
			inputPaths = (
				"${PODS_PODFILE_DIR_PATH}/Podfile.lock",
				"${PODS_ROOT}/Manifest.lock",
			);
			name = "[CP] Check Pods Manifest.lock";
			outputFileListPaths = (
			);
			outputPaths = (
				"$(DERIVED_FILE_DIR)/Pods-API-checkManifestLockResult.txt",
			);
			runOnlyForDeploymentPostprocessing = 0;
			shellPath = /bin/sh;
			shellScript = "diff \"${PODS_PODFILE_DIR_PATH}/Podfile.lock\" \"${PODS_ROOT}/Manifest.lock\" > /dev/null\nif [ $? != 0 ] ; then\n    # print error to STDERR\n    echo \"error: The sandbox is not in sync with the Podfile.lock. Run 'pod install' or update your CocoaPods installation.\" >&2\n    exit 1\nfi\n# This output is used by Xcode 'outputs' to avoid re-running this script phase.\necho \"SUCCESS\" > \"${SCRIPT_OUTPUT_FILE_0}\"\n";
			showEnvVarsInLog = 0;
		};
		C0115818EE85180C9E47FAB0 /* [CP] Embed Pods Frameworks */ = {
			isa = PBXShellScriptBuildPhase;
			buildActionMask = 2147483647;
			files = (
			);
			inputFileListPaths = (
				"${PODS_ROOT}/Target Support Files/Pods-API/Pods-API-frameworks-${CONFIGURATION}-input-files.xcfilelist",
			);
			name = "[CP] Embed Pods Frameworks";
			outputFileListPaths = (
				"${PODS_ROOT}/Target Support Files/Pods-API/Pods-API-frameworks-${CONFIGURATION}-output-files.xcfilelist",
			);
			runOnlyForDeploymentPostprocessing = 0;
			shellPath = /bin/sh;
			shellScript = "\"${PODS_ROOT}/Target Support Files/Pods-API/Pods-API-frameworks.sh\"\n";
			showEnvVarsInLog = 0;
		};
/* End PBXShellScriptBuildPhase section */

/* Begin PBXSourcesBuildPhase section */
		FA7EC8A727A8F995004EB7BD /* Sources */ = {
			isa = PBXSourcesBuildPhase;
			buildActionMask = 2147483647;
			files = (
				FAE35DBE27E3093500EE68C6 /* DemoViewController.swift in Sources */,
				FA6786DF27AD2A9F0008502B /* EditViewController.swift in Sources */,
				FA8CF4F227AE5D7400AF29C5 /* LockViewController.swift in Sources */,
				FA68B15C27AA6F56004497E7 /* SignupVc.swift in Sources */,
				FA7EC8B327A8F995004EB7BD /* ViewController.swift in Sources */,
				FA56AF2427ABAA8D0017C438 /* ProductTableViewCell.swift in Sources */,
				FAF17CEF27B23B7B00B1CDCE /* PasswordValidation.swift in Sources */,
				FAF17CF427B23D6300B1CDCE /* WelcomeViewController.swift in Sources */,
				FA7EC8AF27A8F995004EB7BD /* AppDelegate.swift in Sources */,
				FA68B16527AAAAF8004497E7 /* ProductViewController.swift in Sources */,
				FA56AF2027ABA6DE0017C438 /* ProductVc.swift in Sources */,
				FA1B7C8A27D75626005F15DF /* Models.swift in Sources */,
				FA68B15F27AA8F5C004497E7 /* ForgotViewController.swift in Sources */,
				FA0EEE7A27D9C8EC00FFC1E8 /* LockCollectionViewCell.swift in Sources */,
				FAD8991127D9EDEC002A4D3E /* DemoCollectionViewCell.swift in Sources */,
				FA7EC8B127A8F995004EB7BD /* SceneDelegate.swift in Sources */,
				FA68B16327AA95E6004497E7 /* OTPViewController.swift in Sources */,
			);
			runOnlyForDeploymentPostprocessing = 0;
		};
		FA7EC8BD27A8F997004EB7BD /* Sources */ = {
			isa = PBXSourcesBuildPhase;
			buildActionMask = 2147483647;
			files = (
				FA7EC8C627A8F997004EB7BD /* APITests.swift in Sources */,
			);
			runOnlyForDeploymentPostprocessing = 0;
		};
		FA7EC8C727A8F997004EB7BD /* Sources */ = {
			isa = PBXSourcesBuildPhase;
			buildActionMask = 2147483647;
			files = (
				FA7EC8D027A8F997004EB7BD /* APIUITests.swift in Sources */,
				FA7EC8D227A8F997004EB7BD /* APIUITestsLaunchTests.swift in Sources */,
			);
			runOnlyForDeploymentPostprocessing = 0;
		};
/* End PBXSourcesBuildPhase section */

/* Begin PBXTargetDependency section */
		FA7EC8C327A8F997004EB7BD /* PBXTargetDependency */ = {
			isa = PBXTargetDependency;
			target = FA7EC8AA27A8F995004EB7BD /* API */;
			targetProxy = FA7EC8C227A8F997004EB7BD /* PBXContainerItemProxy */;
		};
		FA7EC8CD27A8F997004EB7BD /* PBXTargetDependency */ = {
			isa = PBXTargetDependency;
			target = FA7EC8AA27A8F995004EB7BD /* API */;
			targetProxy = FA7EC8CC27A8F997004EB7BD /* PBXContainerItemProxy */;
		};
/* End PBXTargetDependency section */

/* Begin PBXVariantGroup section */
		FA7EC8B427A8F995004EB7BD /* Main.storyboard */ = {
			isa = PBXVariantGroup;
			children = (
				FA7EC8B527A8F995004EB7BD /* Base */,
			);
			name = Main.storyboard;
			sourceTree = "<group>";
		};
		FA7EC8B927A8F997004EB7BD /* LaunchScreen.storyboard */ = {
			isa = PBXVariantGroup;
			children = (
				FA7EC8BA27A8F997004EB7BD /* Base */,
			);
			name = LaunchScreen.storyboard;
			sourceTree = "<group>";
		};
/* End PBXVariantGroup section */

/* Begin XCBuildConfiguration section */
		FA7EC8D327A8F997004EB7BD /* Debug */ = {
			isa = XCBuildConfiguration;
			buildSettings = {
				ALWAYS_SEARCH_USER_PATHS = NO;
				CLANG_ANALYZER_NONNULL = YES;
				CLANG_ANALYZER_NUMBER_OBJECT_CONVERSION = YES_AGGRESSIVE;
				CLANG_CXX_LANGUAGE_STANDARD = "gnu++17";
				CLANG_CXX_LIBRARY = "libc++";
				CLANG_ENABLE_MODULES = YES;
				CLANG_ENABLE_OBJC_ARC = YES;
				CLANG_ENABLE_OBJC_WEAK = YES;
				CLANG_WARN_BLOCK_CAPTURE_AUTORELEASING = YES;
				CLANG_WARN_BOOL_CONVERSION = YES;
				CLANG_WARN_COMMA = YES;
				CLANG_WARN_CONSTANT_CONVERSION = YES;
				CLANG_WARN_DEPRECATED_OBJC_IMPLEMENTATIONS = YES;
				CLANG_WARN_DIRECT_OBJC_ISA_USAGE = YES_ERROR;
				CLANG_WARN_DOCUMENTATION_COMMENTS = YES;
				CLANG_WARN_EMPTY_BODY = YES;
				CLANG_WARN_ENUM_CONVERSION = YES;
				CLANG_WARN_INFINITE_RECURSION = YES;
				CLANG_WARN_INT_CONVERSION = YES;
				CLANG_WARN_NON_LITERAL_NULL_CONVERSION = YES;
				CLANG_WARN_OBJC_IMPLICIT_RETAIN_SELF = YES;
				CLANG_WARN_OBJC_LITERAL_CONVERSION = YES;
				CLANG_WARN_OBJC_ROOT_CLASS = YES_ERROR;
				CLANG_WARN_QUOTED_INCLUDE_IN_FRAMEWORK_HEADER = YES;
				CLANG_WARN_RANGE_LOOP_ANALYSIS = YES;
				CLANG_WARN_STRICT_PROTOTYPES = YES;
				CLANG_WARN_SUSPICIOUS_MOVE = YES;
				CLANG_WARN_UNGUARDED_AVAILABILITY = YES_AGGRESSIVE;
				CLANG_WARN_UNREACHABLE_CODE = YES;
				CLANG_WARN__DUPLICATE_METHOD_MATCH = YES;
				COPY_PHASE_STRIP = NO;
				DEBUG_INFORMATION_FORMAT = dwarf;
				ENABLE_STRICT_OBJC_MSGSEND = YES;
				ENABLE_TESTABILITY = YES;
				GCC_C_LANGUAGE_STANDARD = gnu11;
				GCC_DYNAMIC_NO_PIC = NO;
				GCC_NO_COMMON_BLOCKS = YES;
				GCC_OPTIMIZATION_LEVEL = 0;
				GCC_PREPROCESSOR_DEFINITIONS = (
					"DEBUG=1",
					"$(inherited)",
				);
				GCC_WARN_64_TO_32_BIT_CONVERSION = YES;
				GCC_WARN_ABOUT_RETURN_TYPE = YES_ERROR;
				GCC_WARN_UNDECLARED_SELECTOR = YES;
				GCC_WARN_UNINITIALIZED_AUTOS = YES_AGGRESSIVE;
				GCC_WARN_UNUSED_FUNCTION = YES;
				GCC_WARN_UNUSED_VARIABLE = YES;
				IPHONEOS_DEPLOYMENT_TARGET = 15.0;
				MTL_ENABLE_DEBUG_INFO = INCLUDE_SOURCE;
				MTL_FAST_MATH = YES;
				ONLY_ACTIVE_ARCH = YES;
				SDKROOT = iphoneos;
				SWIFT_ACTIVE_COMPILATION_CONDITIONS = DEBUG;
				SWIFT_OPTIMIZATION_LEVEL = "-Onone";
			};
			name = Debug;
		};
		FA7EC8D427A8F997004EB7BD /* Release */ = {
			isa = XCBuildConfiguration;
			buildSettings = {
				ALWAYS_SEARCH_USER_PATHS = NO;
				CLANG_ANALYZER_NONNULL = YES;
				CLANG_ANALYZER_NUMBER_OBJECT_CONVERSION = YES_AGGRESSIVE;
				CLANG_CXX_LANGUAGE_STANDARD = "gnu++17";
				CLANG_CXX_LIBRARY = "libc++";
				CLANG_ENABLE_MODULES = YES;
				CLANG_ENABLE_OBJC_ARC = YES;
				CLANG_ENABLE_OBJC_WEAK = YES;
				CLANG_WARN_BLOCK_CAPTURE_AUTORELEASING = YES;
				CLANG_WARN_BOOL_CONVERSION = YES;
				CLANG_WARN_COMMA = YES;
				CLANG_WARN_CONSTANT_CONVERSION = YES;
				CLANG_WARN_DEPRECATED_OBJC_IMPLEMENTATIONS = YES;
				CLANG_WARN_DIRECT_OBJC_ISA_USAGE = YES_ERROR;
				CLANG_WARN_DOCUMENTATION_COMMENTS = YES;
				CLANG_WARN_EMPTY_BODY = YES;
				CLANG_WARN_ENUM_CONVERSION = YES;
				CLANG_WARN_INFINITE_RECURSION = YES;
				CLANG_WARN_INT_CONVERSION = YES;
				CLANG_WARN_NON_LITERAL_NULL_CONVERSION = YES;
				CLANG_WARN_OBJC_IMPLICIT_RETAIN_SELF = YES;
				CLANG_WARN_OBJC_LITERAL_CONVERSION = YES;
				CLANG_WARN_OBJC_ROOT_CLASS = YES_ERROR;
				CLANG_WARN_QUOTED_INCLUDE_IN_FRAMEWORK_HEADER = YES;
				CLANG_WARN_RANGE_LOOP_ANALYSIS = YES;
				CLANG_WARN_STRICT_PROTOTYPES = YES;
				CLANG_WARN_SUSPICIOUS_MOVE = YES;
				CLANG_WARN_UNGUARDED_AVAILABILITY = YES_AGGRESSIVE;
				CLANG_WARN_UNREACHABLE_CODE = YES;
				CLANG_WARN__DUPLICATE_METHOD_MATCH = YES;
				COPY_PHASE_STRIP = NO;
				DEBUG_INFORMATION_FORMAT = "dwarf-with-dsym";
				ENABLE_NS_ASSERTIONS = NO;
				ENABLE_STRICT_OBJC_MSGSEND = YES;
				GCC_C_LANGUAGE_STANDARD = gnu11;
				GCC_NO_COMMON_BLOCKS = YES;
				GCC_WARN_64_TO_32_BIT_CONVERSION = YES;
				GCC_WARN_ABOUT_RETURN_TYPE = YES_ERROR;
				GCC_WARN_UNDECLARED_SELECTOR = YES;
				GCC_WARN_UNINITIALIZED_AUTOS = YES_AGGRESSIVE;
				GCC_WARN_UNUSED_FUNCTION = YES;
				GCC_WARN_UNUSED_VARIABLE = YES;
				IPHONEOS_DEPLOYMENT_TARGET = 15.0;
				MTL_ENABLE_DEBUG_INFO = NO;
				MTL_FAST_MATH = YES;
				SDKROOT = iphoneos;
				SWIFT_COMPILATION_MODE = wholemodule;
				SWIFT_OPTIMIZATION_LEVEL = "-O";
				VALIDATE_PRODUCT = YES;
			};
			name = Release;
		};
		FA7EC8D627A8F997004EB7BD /* Debug */ = {
			isa = XCBuildConfiguration;
			baseConfigurationReference = 9185846425EB5A22DABAB588 /* Pods-API.debug.xcconfig */;
			buildSettings = {
				ASSETCATALOG_COMPILER_APPICON_NAME = AppIcon;
				ASSETCATALOG_COMPILER_GLOBAL_ACCENT_COLOR_NAME = AccentColor;
				CODE_SIGN_STYLE = Automatic;
				CURRENT_PROJECT_VERSION = 1;
				GENERATE_INFOPLIST_FILE = YES;
				INFOPLIST_FILE = API/Info.plist;
				INFOPLIST_KEY_UIApplicationSupportsIndirectInputEvents = YES;
				INFOPLIST_KEY_UILaunchStoryboardName = LaunchScreen;
				INFOPLIST_KEY_UIMainStoryboardFile = Main;
				INFOPLIST_KEY_UISupportedInterfaceOrientations_iPad = "UIInterfaceOrientationPortrait UIInterfaceOrientationPortraitUpsideDown UIInterfaceOrientationLandscapeLeft UIInterfaceOrientationLandscapeRight";
				INFOPLIST_KEY_UISupportedInterfaceOrientations_iPhone = "UIInterfaceOrientationPortrait UIInterfaceOrientationLandscapeLeft UIInterfaceOrientationLandscapeRight";
				IPHONEOS_DEPLOYMENT_TARGET = 15.0;
				LD_RUNPATH_SEARCH_PATHS = (
					"$(inherited)",
					"@executable_path/Frameworks",
				);
				MARKETING_VERSION = 1.0;
				PRODUCT_BUNDLE_IDENTIFIER = "oops-pvt-ltd.API";
				PRODUCT_NAME = "$(TARGET_NAME)";
				SWIFT_EMIT_LOC_STRINGS = YES;
				SWIFT_VERSION = 5.0;
				TARGETED_DEVICE_FAMILY = 1;
			};
			name = Debug;
		};
		FA7EC8D727A8F997004EB7BD /* Release */ = {
			isa = XCBuildConfiguration;
			baseConfigurationReference = A1900FB5F77F55CED604E8D1 /* Pods-API.release.xcconfig */;
			buildSettings = {
				ASSETCATALOG_COMPILER_APPICON_NAME = AppIcon;
				ASSETCATALOG_COMPILER_GLOBAL_ACCENT_COLOR_NAME = AccentColor;
				CODE_SIGN_STYLE = Automatic;
				CURRENT_PROJECT_VERSION = 1;
				GENERATE_INFOPLIST_FILE = YES;
				INFOPLIST_FILE = API/Info.plist;
				INFOPLIST_KEY_UIApplicationSupportsIndirectInputEvents = YES;
				INFOPLIST_KEY_UILaunchStoryboardName = LaunchScreen;
				INFOPLIST_KEY_UIMainStoryboardFile = Main;
				INFOPLIST_KEY_UISupportedInterfaceOrientations_iPad = "UIInterfaceOrientationPortrait UIInterfaceOrientationPortraitUpsideDown UIInterfaceOrientationLandscapeLeft UIInterfaceOrientationLandscapeRight";
				INFOPLIST_KEY_UISupportedInterfaceOrientations_iPhone = "UIInterfaceOrientationPortrait UIInterfaceOrientationLandscapeLeft UIInterfaceOrientationLandscapeRight";
				IPHONEOS_DEPLOYMENT_TARGET = 15.0;
				LD_RUNPATH_SEARCH_PATHS = (
					"$(inherited)",
					"@executable_path/Frameworks",
				);
				MARKETING_VERSION = 1.0;
				PRODUCT_BUNDLE_IDENTIFIER = "oops-pvt-ltd.API";
				PRODUCT_NAME = "$(TARGET_NAME)";
				SWIFT_EMIT_LOC_STRINGS = YES;
				SWIFT_VERSION = 5.0;
				TARGETED_DEVICE_FAMILY = 1;
			};
			name = Release;
		};
		FA7EC8D927A8F997004EB7BD /* Debug */ = {
			isa = XCBuildConfiguration;
			baseConfigurationReference = 3A8899C0C178869E7DE85BB9 /* Pods-APITests.debug.xcconfig */;
			buildSettings = {
				ALWAYS_EMBED_SWIFT_STANDARD_LIBRARIES = YES;
				BUNDLE_LOADER = "$(TEST_HOST)";
				CODE_SIGN_STYLE = Automatic;
				CURRENT_PROJECT_VERSION = 1;
				GENERATE_INFOPLIST_FILE = YES;
				IPHONEOS_DEPLOYMENT_TARGET = 15.0;
				LD_RUNPATH_SEARCH_PATHS = (
					"$(inherited)",
					"@executable_path/Frameworks",
					"@loader_path/Frameworks",
				);
				MARKETING_VERSION = 1.0;
				PRODUCT_BUNDLE_IDENTIFIER = "oops-pvt-ltd.APITests";
				PRODUCT_NAME = "$(TARGET_NAME)";
				SWIFT_EMIT_LOC_STRINGS = NO;
				SWIFT_VERSION = 5.0;
				TARGETED_DEVICE_FAMILY = "1,2";
				TEST_HOST = "$(BUILT_PRODUCTS_DIR)/API.app/API";
			};
			name = Debug;
		};
		FA7EC8DA27A8F997004EB7BD /* Release */ = {
			isa = XCBuildConfiguration;
			baseConfigurationReference = AF4CF4AB3E6891BC6BC640A2 /* Pods-APITests.release.xcconfig */;
			buildSettings = {
				ALWAYS_EMBED_SWIFT_STANDARD_LIBRARIES = YES;
				BUNDLE_LOADER = "$(TEST_HOST)";
				CODE_SIGN_STYLE = Automatic;
				CURRENT_PROJECT_VERSION = 1;
				GENERATE_INFOPLIST_FILE = YES;
				IPHONEOS_DEPLOYMENT_TARGET = 15.0;
				LD_RUNPATH_SEARCH_PATHS = (
					"$(inherited)",
					"@executable_path/Frameworks",
					"@loader_path/Frameworks",
				);
				MARKETING_VERSION = 1.0;
				PRODUCT_BUNDLE_IDENTIFIER = "oops-pvt-ltd.APITests";
				PRODUCT_NAME = "$(TARGET_NAME)";
				SWIFT_EMIT_LOC_STRINGS = NO;
				SWIFT_VERSION = 5.0;
				TARGETED_DEVICE_FAMILY = "1,2";
				TEST_HOST = "$(BUILT_PRODUCTS_DIR)/API.app/API";
			};
			name = Release;
		};
		FA7EC8DC27A8F997004EB7BD /* Debug */ = {
			isa = XCBuildConfiguration;
			baseConfigurationReference = 9D82684B7F2AE4B2C6C29113 /* Pods-API-APIUITests.debug.xcconfig */;
			buildSettings = {
				ALWAYS_EMBED_SWIFT_STANDARD_LIBRARIES = YES;
				CODE_SIGN_STYLE = Automatic;
				CURRENT_PROJECT_VERSION = 1;
				GENERATE_INFOPLIST_FILE = YES;
				LD_RUNPATH_SEARCH_PATHS = (
					"$(inherited)",
					"@executable_path/Frameworks",
					"@loader_path/Frameworks",
				);
				MARKETING_VERSION = 1.0;
				PRODUCT_BUNDLE_IDENTIFIER = "oops-pvt-ltd.APIUITests";
				PRODUCT_NAME = "$(TARGET_NAME)";
				SWIFT_EMIT_LOC_STRINGS = NO;
				SWIFT_VERSION = 5.0;
				TARGETED_DEVICE_FAMILY = "1,2";
				TEST_TARGET_NAME = API;
			};
			name = Debug;
		};
		FA7EC8DD27A8F997004EB7BD /* Release */ = {
			isa = XCBuildConfiguration;
			baseConfigurationReference = B1589EA00B033D9B6D2F45A3 /* Pods-API-APIUITests.release.xcconfig */;
			buildSettings = {
				ALWAYS_EMBED_SWIFT_STANDARD_LIBRARIES = YES;
				CODE_SIGN_STYLE = Automatic;
				CURRENT_PROJECT_VERSION = 1;
				GENERATE_INFOPLIST_FILE = YES;
				LD_RUNPATH_SEARCH_PATHS = (
					"$(inherited)",
					"@executable_path/Frameworks",
					"@loader_path/Frameworks",
				);
				MARKETING_VERSION = 1.0;
				PRODUCT_BUNDLE_IDENTIFIER = "oops-pvt-ltd.APIUITests";
				PRODUCT_NAME = "$(TARGET_NAME)";
				SWIFT_EMIT_LOC_STRINGS = NO;
				SWIFT_VERSION = 5.0;
				TARGETED_DEVICE_FAMILY = "1,2";
				TEST_TARGET_NAME = API;
			};
			name = Release;
		};
/* End XCBuildConfiguration section */

/* Begin XCConfigurationList section */
		FA7EC8A627A8F995004EB7BD /* Build configuration list for PBXProject "API" */ = {
			isa = XCConfigurationList;
			buildConfigurations = (
				FA7EC8D327A8F997004EB7BD /* Debug */,
				FA7EC8D427A8F997004EB7BD /* Release */,
			);
			defaultConfigurationIsVisible = 0;
			defaultConfigurationName = Release;
		};
		FA7EC8D527A8F997004EB7BD /* Build configuration list for PBXNativeTarget "API" */ = {
			isa = XCConfigurationList;
			buildConfigurations = (
				FA7EC8D627A8F997004EB7BD /* Debug */,
				FA7EC8D727A8F997004EB7BD /* Release */,
			);
			defaultConfigurationIsVisible = 0;
			defaultConfigurationName = Release;
		};
		FA7EC8D827A8F997004EB7BD /* Build configuration list for PBXNativeTarget "APITests" */ = {
			isa = XCConfigurationList;
			buildConfigurations = (
				FA7EC8D927A8F997004EB7BD /* Debug */,
				FA7EC8DA27A8F997004EB7BD /* Release */,
			);
			defaultConfigurationIsVisible = 0;
			defaultConfigurationName = Release;
		};
		FA7EC8DB27A8F997004EB7BD /* Build configuration list for PBXNativeTarget "APIUITests" */ = {
			isa = XCConfigurationList;
			buildConfigurations = (
				FA7EC8DC27A8F997004EB7BD /* Debug */,
				FA7EC8DD27A8F997004EB7BD /* Release */,
			);
			defaultConfigurationIsVisible = 0;
			defaultConfigurationName = Release;
		};
/* End XCConfigurationList section */
	};
	rootObject = FA7EC8A327A8F995004EB7BD /* Project object */;
}
